{
  "requires": true,
  "lockfileVersion": 1,
  "dependencies": {
    "core-js": {
      "version": "2.6.11",
      "resolved": "https://registry.npm.taobao.org/core-js/download/core-js-2.6.11.tgz",
      "integrity": "sha1-OIMUafmSK97Y7iHJ3EaYXgOZMIw="
    },
    "decode-uri-component": {
      "version": "0.2.0",
      "resolved": "https://registry.npm.taobao.org/decode-uri-component/download/decode-uri-component-0.2.0.tgz",
      "integrity": "sha1-6zkTMzRYd1y4TNGh+uBiEGu4dUU="
    },
    "luch-request": {
      "version": "3.0.3",
      "resolved": "https://registry.npm.taobao.org/luch-request/download/luch-request-3.0.3.tgz",
      "integrity": "sha1-Ni4gCEpslfBTo/4sPOULo/O72z4="
    },
    "query-string": {
      "version": "6.13.1",
      "resolved": "https://registry.npm.taobao.org/query-string/download/query-string-6.13.1.tgz?cache=0&sync_timestamp=1591853346096&other_urls=https%3A%2F%2Fregistry.npm.taobao.org%2Fquery-string%2Fdownload%2Fquery-string-6.13.1.tgz",
      "integrity": "sha1-2RPM/OO0s6cTmJ/m05Rm2S5xzK0=",
      "requires": {
        "decode-uri-component": "^0.2.0",
        "split-on-first": "^1.0.0",
        "strict-uri-encode": "^2.0.0"
      }
    },
    "split-on-first": {
      "version": "1.1.0",
      "resolved": "https://registry.npm.taobao.org/split-on-first/download/split-on-first-1.1.0.tgz",
      "integrity": "sha1-9hCv7uOxK84dDDBCXnY5i3gkml8="
    },
    "strict-uri-encode": {
      "version": "2.0.0",
      "resolved": "https://registry.npm.taobao.org/strict-uri-encode/download/strict-uri-encode-2.0.0.tgz",
      "integrity": "sha1-ucczDHBChi9rFC3CdLvMWGbONUY="
    },
    "uni-simple-router": {
      "version": "1.5.5",
      "resolved": "https://registry.npm.taobao.org/uni-simple-router/download/uni-simple-router-1.5.5.tgz?cache=0&sync_timestamp=1591108029585&other_urls=https%3A%2F%2Fregistry.npm.taobao.org%2Funi-simple-router%2Fdownload%2Funi-simple-router-1.5.5.tgz",
      "integrity": "sha1-WY9K2+zpg3L3z+s7imJwibQgOJk=",
      "requires": {
        "query-string": "^6.12.1"
      }
    },
    "vue": {
      "version": "2.6.11",
      "resolved": "https://registry.npm.taobao.org/vue/download/vue-2.6.11.tgz",
      "integrity": "sha1-dllNh31LEiNEBuhONSdcbVFBJcU="
    },
    "vue-canvas-poster": {
      "version": "1.1.1",
      "resolved": "https://registry.npm.taobao.org/vue-canvas-poster/download/vue-canvas-poster-1.1.1.tgz",
      "integrity": "sha1-CBRnpBvmZeILpSiK7gG89Xxj/iE=",
      "requires": {
        "core-js": "^2.6.5",
        "vue": "^2.6.10"
      }
    }
  }
}
